
Microsoft Visual Studio Solution File, Format Version 12.00
# Visual Studio 15
VisualStudioVersion = 15.0.27130.2027
MinimumVisualStudioVersion = 10.0.40219.1
Project("{8BC9CEB8-8B4A-11D0-8D11-00A0C91BC942}") = "fay", "build\fay\fay.vcxproj", "{B93773F7-60E4-429C-90EE-6DE03A620113}"
EndProject
Project("{8BC9CEB8-8B4A-11D0-8D11-00A0C91BC942}") = "raytracing", "build\raytracing\raytracing.vcxproj", "{20689F05-1B12-432E-AE3D-694688CACD1C}"
EndProject
Project("{8BC9CEB8-8B4A-11D0-8D11-00A0C91BC942}") = "vine", "build\vine\vine.vcxproj", "{7D5FE05B-2A86-4A76-9200-257BE70B443C}"
EndProject
Project("{8BC9CEB8-8B4A-11D0-8D11-00A0C91BC942}") = "gui", "build\gui\gui.vcxproj", "{42BC6061-BD46-4D60-BA55-6FE44EF8EEF6}"
	ProjectSection(ProjectDependencies) = postProject
		{B93773F7-60E4-429C-90EE-6DE03A620113} = {B93773F7-60E4-429C-90EE-6DE03A620113}
	EndProjectSection
EndProject
Project("{8BC9CEB8-8B4A-11D0-8D11-00A0C91BC942}") = "learngl", "build\learngl\learngl.vcxproj", "{8516D2C1-3133-4939-B3E2-EDE4D135B378}"
	ProjectSection(ProjectDependencies) = postProject
		{B93773F7-60E4-429C-90EE-6DE03A620113} = {B93773F7-60E4-429C-90EE-6DE03A620113}
	EndProjectSection
EndProject
Project("{8BC9CEB8-8B4A-11D0-8D11-00A0C91BC942}") = "image", "build\image\image.vcxproj", "{735FFB0E-5B85-483F-95F1-B2902290CA37}"
EndProject
Global
	GlobalSection(SolutionConfigurationPlatforms) = preSolution
		Debug|x64 = Debug|x64
		Debug|x86 = Debug|x86
		Release|x64 = Release|x64
		Release|x86 = Release|x86
	EndGlobalSection
	GlobalSection(ProjectConfigurationPlatforms) = postSolution
		{B93773F7-60E4-429C-90EE-6DE03A620113}.Debug|x64.ActiveCfg = Debug|x64
		{B93773F7-60E4-429C-90EE-6DE03A620113}.Debug|x64.Build.0 = Debug|x64
		{B93773F7-60E4-429C-90EE-6DE03A620113}.Debug|x86.ActiveCfg = Debug|Win32
		{B93773F7-60E4-429C-90EE-6DE03A620113}.Debug|x86.Build.0 = Debug|Win32
		{B93773F7-60E4-429C-90EE-6DE03A620113}.Release|x64.ActiveCfg = Release|x64
		{B93773F7-60E4-429C-90EE-6DE03A620113}.Release|x64.Build.0 = Release|x64
		{B93773F7-60E4-429C-90EE-6DE03A620113}.Release|x86.ActiveCfg = Release|Win32
		{B93773F7-60E4-429C-90EE-6DE03A620113}.Release|x86.Build.0 = Release|Win32
		{20689F05-1B12-432E-AE3D-694688CACD1C}.Debug|x64.ActiveCfg = Debug|x64
		{20689F05-1B12-432E-AE3D-694688CACD1C}.Debug|x64.Build.0 = Debug|x64
		{20689F05-1B12-432E-AE3D-694688CACD1C}.Debug|x86.ActiveCfg = Debug|Win32
		{20689F05-1B12-432E-AE3D-694688CACD1C}.Debug|x86.Build.0 = Debug|Win32
		{20689F05-1B12-432E-AE3D-694688CACD1C}.Release|x64.ActiveCfg = Release|x64
		{20689F05-1B12-432E-AE3D-694688CACD1C}.Release|x64.Build.0 = Release|x64
		{20689F05-1B12-432E-AE3D-694688CACD1C}.Release|x86.ActiveCfg = Release|Win32
		{20689F05-1B12-432E-AE3D-694688CACD1C}.Release|x86.Build.0 = Release|Win32
		{7D5FE05B-2A86-4A76-9200-257BE70B443C}.Debug|x64.ActiveCfg = Debug|x64
		{7D5FE05B-2A86-4A76-9200-257BE70B443C}.Debug|x64.Build.0 = Debug|x64
		{7D5FE05B-2A86-4A76-9200-257BE70B443C}.Debug|x86.ActiveCfg = Debug|Win32
		{7D5FE05B-2A86-4A76-9200-257BE70B443C}.Debug|x86.Build.0 = Debug|Win32
		{7D5FE05B-2A86-4A76-9200-257BE70B443C}.Release|x64.ActiveCfg = Release|x64
		{7D5FE05B-2A86-4A76-9200-257BE70B443C}.Release|x64.Build.0 = Release|x64
		{7D5FE05B-2A86-4A76-9200-257BE70B443C}.Release|x86.ActiveCfg = Release|Win32
		{7D5FE05B-2A86-4A76-9200-257BE70B443C}.Release|x86.Build.0 = Release|Win32
		{42BC6061-BD46-4D60-BA55-6FE44EF8EEF6}.Debug|x64.ActiveCfg = Debug|x64
		{42BC6061-BD46-4D60-BA55-6FE44EF8EEF6}.Debug|x64.Build.0 = Debug|x64
		{42BC6061-BD46-4D60-BA55-6FE44EF8EEF6}.Debug|x86.ActiveCfg = Debug|Win32
		{42BC6061-BD46-4D60-BA55-6FE44EF8EEF6}.Debug|x86.Build.0 = Debug|Win32
		{42BC6061-BD46-4D60-BA55-6FE44EF8EEF6}.Release|x64.ActiveCfg = Release|x64
		{42BC6061-BD46-4D60-BA55-6FE44EF8EEF6}.Release|x64.Build.0 = Release|x64
		{42BC6061-BD46-4D60-BA55-6FE44EF8EEF6}.Release|x86.ActiveCfg = Release|Win32
		{42BC6061-BD46-4D60-BA55-6FE44EF8EEF6}.Release|x86.Build.0 = Release|Win32
		{8516D2C1-3133-4939-B3E2-EDE4D135B378}.Debug|x64.ActiveCfg = Debug|x64
		{8516D2C1-3133-4939-B3E2-EDE4D135B378}.Debug|x64.Build.0 = Debug|x64
		{8516D2C1-3133-4939-B3E2-EDE4D135B378}.Debug|x86.ActiveCfg = Debug|Win32
		{8516D2C1-3133-4939-B3E2-EDE4D135B378}.Debug|x86.Build.0 = Debug|Win32
		{8516D2C1-3133-4939-B3E2-EDE4D135B378}.Release|x64.ActiveCfg = Release|x64
		{8516D2C1-3133-4939-B3E2-EDE4D135B378}.Release|x64.Build.0 = Release|x64
		{8516D2C1-3133-4939-B3E2-EDE4D135B378}.Release|x86.ActiveCfg = Release|Win32
		{8516D2C1-3133-4939-B3E2-EDE4D135B378}.Release|x86.Build.0 = Release|Win32
		{735FFB0E-5B85-483F-95F1-B2902290CA37}.Debug|x64.ActiveCfg = Debug|x64
		{735FFB0E-5B85-483F-95F1-B2902290CA37}.Debug|x64.Build.0 = Debug|x64
		{735FFB0E-5B85-483F-95F1-B2902290CA37}.Debug|x86.ActiveCfg = Debug|Win32
		{735FFB0E-5B85-483F-95F1-B2902290CA37}.Debug|x86.Build.0 = Debug|Win32
		{735FFB0E-5B85-483F-95F1-B2902290CA37}.Release|x64.ActiveCfg = Release|x64
		{735FFB0E-5B85-483F-95F1-B2902290CA37}.Release|x64.Build.0 = Release|x64
		{735FFB0E-5B85-483F-95F1-B2902290CA37}.Release|x86.ActiveCfg = Release|Win32
		{735FFB0E-5B85-483F-95F1-B2902290CA37}.Release|x86.Build.0 = Release|Win32
	EndGlobalSection
	GlobalSection(SolutionProperties) = preSolution
		HideSolutionNode = FALSE
	EndGlobalSection
	GlobalSection(ExtensibilityGlobals) = postSolution
		SolutionGuid = {294A94F1-E1D3-4CF8-A32E-5C07C1D97FBE}
	EndGlobalSection
EndGlobal
