
Microsoft Visual Studio Solution File, Format Version 12.00
# Visual Studio 15
VisualStudioVersion = 15.0.27130.2036
MinimumVisualStudioVersion = 10.0.40219.1
Project("{8BC9CEB8-8B4A-11D0-8D11-00A0C91BC942}") = "fay", "build\fay\fay.vcxproj", "{B93773F7-60E4-429C-90EE-6DE03A620113}"
EndProject
Project("{8BC9CEB8-8B4A-11D0-8D11-00A0C91BC942}") = "test", "build\test\test.vcxproj", "{62A188DD-2295-4610-9F3D-07BC831642F6}"
	ProjectSection(ProjectDependencies) = postProject
		{B93773F7-60E4-429C-90EE-6DE03A620113} = {B93773F7-60E4-429C-90EE-6DE03A620113}
	EndProjectSection
EndProject
Project("{8BC9CEB8-8B4A-11D0-8D11-00A0C91BC942}") = "sample_render", "build\sample_render\sample_render.vcxproj", "{C0513795-29B1-40B9-9C63-63AC3EE5F9E9}"
	ProjectSection(ProjectDependencies) = postProject
		{B93773F7-60E4-429C-90EE-6DE03A620113} = {B93773F7-60E4-429C-90EE-6DE03A620113}
	EndProjectSection
EndProject
Project("{8BC9CEB8-8B4A-11D0-8D11-00A0C91BC942}") = "sample_gfx", "build\sample_gfx\sample_gfx.vcxproj", "{86C03669-A359-4D5F-8953-C209B653D2A1}"
EndProject
Global
	GlobalSection(SolutionConfigurationPlatforms) = preSolution
		Debug|x64 = Debug|x64
		Debug|x86 = Debug|x86
		Release|x64 = Release|x64
		Release|x86 = Release|x86
	EndGlobalSection
	GlobalSection(ProjectConfigurationPlatforms) = postSolution
		{B93773F7-60E4-429C-90EE-6DE03A620113}.Debug|x64.ActiveCfg = Debug|x64
		{B93773F7-60E4-429C-90EE-6DE03A620113}.Debug|x64.Build.0 = Debug|x64
		{B93773F7-60E4-429C-90EE-6DE03A620113}.Debug|x86.ActiveCfg = Debug|Win32
		{B93773F7-60E4-429C-90EE-6DE03A620113}.Debug|x86.Build.0 = Debug|Win32
		{B93773F7-60E4-429C-90EE-6DE03A620113}.Release|x64.ActiveCfg = Release|x64
		{B93773F7-60E4-429C-90EE-6DE03A620113}.Release|x64.Build.0 = Release|x64
		{B93773F7-60E4-429C-90EE-6DE03A620113}.Release|x86.ActiveCfg = Release|Win32
		{B93773F7-60E4-429C-90EE-6DE03A620113}.Release|x86.Build.0 = Release|Win32
		{62A188DD-2295-4610-9F3D-07BC831642F6}.Debug|x64.ActiveCfg = Debug|x64
		{62A188DD-2295-4610-9F3D-07BC831642F6}.Debug|x64.Build.0 = Debug|x64
		{62A188DD-2295-4610-9F3D-07BC831642F6}.Debug|x86.ActiveCfg = Debug|Win32
		{62A188DD-2295-4610-9F3D-07BC831642F6}.Debug|x86.Build.0 = Debug|Win32
		{62A188DD-2295-4610-9F3D-07BC831642F6}.Release|x64.ActiveCfg = Release|x64
		{62A188DD-2295-4610-9F3D-07BC831642F6}.Release|x64.Build.0 = Release|x64
		{62A188DD-2295-4610-9F3D-07BC831642F6}.Release|x86.ActiveCfg = Release|Win32
		{62A188DD-2295-4610-9F3D-07BC831642F6}.Release|x86.Build.0 = Release|Win32
		{C0513795-29B1-40B9-9C63-63AC3EE5F9E9}.Debug|x64.ActiveCfg = Debug|x64
		{C0513795-29B1-40B9-9C63-63AC3EE5F9E9}.Debug|x64.Build.0 = Debug|x64
		{C0513795-29B1-40B9-9C63-63AC3EE5F9E9}.Debug|x86.ActiveCfg = Debug|Win32
		{C0513795-29B1-40B9-9C63-63AC3EE5F9E9}.Debug|x86.Build.0 = Debug|Win32
		{C0513795-29B1-40B9-9C63-63AC3EE5F9E9}.Release|x64.ActiveCfg = Release|x64
		{C0513795-29B1-40B9-9C63-63AC3EE5F9E9}.Release|x64.Build.0 = Release|x64
		{C0513795-29B1-40B9-9C63-63AC3EE5F9E9}.Release|x86.ActiveCfg = Release|Win32
		{C0513795-29B1-40B9-9C63-63AC3EE5F9E9}.Release|x86.Build.0 = Release|Win32
		{86C03669-A359-4D5F-8953-C209B653D2A1}.Debug|x64.ActiveCfg = Debug|x64
		{86C03669-A359-4D5F-8953-C209B653D2A1}.Debug|x64.Build.0 = Debug|x64
		{86C03669-A359-4D5F-8953-C209B653D2A1}.Debug|x86.ActiveCfg = Debug|Win32
		{86C03669-A359-4D5F-8953-C209B653D2A1}.Debug|x86.Build.0 = Debug|Win32
		{86C03669-A359-4D5F-8953-C209B653D2A1}.Release|x64.ActiveCfg = Release|x64
		{86C03669-A359-4D5F-8953-C209B653D2A1}.Release|x64.Build.0 = Release|x64
		{86C03669-A359-4D5F-8953-C209B653D2A1}.Release|x86.ActiveCfg = Release|Win32
		{86C03669-A359-4D5F-8953-C209B653D2A1}.Release|x86.Build.0 = Release|Win32
	EndGlobalSection
	GlobalSection(SolutionProperties) = preSolution
		HideSolutionNode = FALSE
	EndGlobalSection
	GlobalSection(ExtensibilityGlobals) = postSolution
		SolutionGuid = {294A94F1-E1D3-4CF8-A32E-5C07C1D97FBE}
	EndGlobalSection
EndGlobal
