<?xml version="1.0" encoding="utf-8"?>
<Project ToolsVersion="4.0" xmlns="http://schemas.microsoft.com/developer/msbuild/2003">
  <ItemGroup>
    <Filter Include="gl">
      <UniqueIdentifier>{aefc135b-61ed-4202-9caa-44c2f62ba135}</UniqueIdentifier>
    </Filter>
    <Filter Include="ray">
      <UniqueIdentifier>{09977878-7d00-4fae-937e-b2b1f4f1e172}</UniqueIdentifier>
    </Filter>
    <Filter Include="utility">
      <UniqueIdentifier>{e0ba8c96-b65e-4aad-bfa9-69427bc94db7}</UniqueIdentifier>
    </Filter>
    <Filter Include="tmp">
      <UniqueIdentifier>{0a1fa025-07e5-4634-941b-cb72079979ef}</UniqueIdentifier>
    </Filter>
    <Filter Include="extern">
      <UniqueIdentifier>{2d65e069-ab02-4962-9de8-ca13b39465bd}</UniqueIdentifier>
    </Filter>
  </ItemGroup>
  <ItemGroup>
    <ClCompile Include="..\src\gl\buffer.cpp">
      <Filter>gl</Filter>
    </ClCompile>
    <ClCompile Include="..\src\gl\camera.cpp">
      <Filter>gl</Filter>
    </ClCompile>
    <ClCompile Include="..\src\gl\model.cpp">
      <Filter>gl</Filter>
    </ClCompile>
    <ClCompile Include="..\src\gl\shader.cpp">
      <Filter>gl</Filter>
    </ClCompile>
    <ClCompile Include="..\src\gl\texture.cpp">
      <Filter>gl</Filter>
    </ClCompile>
    <ClCompile Include="..\src\tmp\Obj.cpp">
      <Filter>tmp</Filter>
    </ClCompile>
    <ClCompile Include="..\src\utility\fay.cpp">
      <Filter>utility</Filter>
    </ClCompile>
    <ClCompile Include="..\..\..\Library\glfw\deps\glad.c">
      <Filter>extern</Filter>
    </ClCompile>
    <ClCompile Include="..\src\ray\raytracing.cpp">
      <Filter>ray</Filter>
    </ClCompile>
  </ItemGroup>
  <ItemGroup>
    <ClInclude Include="..\src\gl\buffer.h">
      <Filter>gl</Filter>
    </ClInclude>
    <ClInclude Include="..\src\gl\camera.h">
      <Filter>gl</Filter>
    </ClInclude>
    <ClInclude Include="..\src\gl\model.h">
      <Filter>gl</Filter>
    </ClInclude>
    <ClInclude Include="..\src\gl\shader.h">
      <Filter>gl</Filter>
    </ClInclude>
    <ClInclude Include="..\src\gl\texture.h">
      <Filter>gl</Filter>
    </ClInclude>
    <ClInclude Include="..\src\tmp\Obj.h">
      <Filter>tmp</Filter>
    </ClInclude>
    <ClInclude Include="..\src\utility\fay.h">
      <Filter>utility</Filter>
    </ClInclude>
    <ClInclude Include="..\src\utility\platform.h">
      <Filter>utility</Filter>
    </ClInclude>
    <ClInclude Include="..\src\utility\stencil.h">
      <Filter>utility</Filter>
    </ClInclude>
    <ClInclude Include="..\src\ray\raytracing.h">
      <Filter>ray</Filter>
    </ClInclude>
    <ClInclude Include="..\src\gl\gl_utility.h">
      <Filter>gl</Filter>
    </ClInclude>
  </ItemGroup>
</Project>